
Microsoft Visual Studio Solution File, Format Version 12.00
# Visual Studio Version 17
VisualStudioVersion = 17.8.34309.116
MinimumVisualStudioVersion = 10.0.40219.1
Project("{FAE04EC0-301F-11D3-BF4B-00C04F79EFBC}") = "ECommerceAp", "ECommerceAp\ECommerceAp.csproj", "{B2F682B0-41F1-4B97-BBED-680B136483F5}"
EndProject
Global
	GlobalSection(SolutionConfigurationPlatforms) = preSolution
		Debug|Any CPU = Debug|Any CPU
		Release|Any CPU = Release|Any CPU
	EndGlobalSection
	GlobalSection(ProjectConfigurationPlatforms) = postSolution
		{B2F682B0-41F1-4B97-BBED-680B136483F5}.Debug|Any CPU.ActiveCfg = Debug|Any CPU
		{B2F682B0-41F1-4B97-BBED-680B136483F5}.Debug|Any CPU.Build.0 = Debug|Any CPU
		{B2F682B0-41F1-4B97-BBED-680B136483F5}.Release|Any CPU.ActiveCfg = Release|Any CPU
		{B2F682B0-41F1-4B97-BBED-680B136483F5}.Release|Any CPU.Build.0 = Release|Any CPU
	EndGlobalSection
	GlobalSection(SolutionProperties) = preSolution
		HideSolutionNode = FALSE
	EndGlobalSection
	GlobalSection(ExtensibilityGlobals) = postSolution
		SolutionGuid = {4FD12233-BDC3-4AC6-9114-237B870A8CCB}
	EndGlobalSection
EndGlobal
